
Microsoft Visual Studio Solution File, Format Version 12.00
# Visual Studio 15
VisualStudioVersion = 15.0.27130.2020
MinimumVisualStudioVersion = 10.0.40219.1
Project("{FAE04EC0-301F-11D3-BF4B-00C04F79EFBC}") = "Nhq01MyFirstOrleansApp", "Nhq01MyFirstOrleansApp\Nhq01MyFirstOrleansApp.csproj", "{F35C78A7-E375-4DC0-866C-9796A159C8F2}"
EndProject
Global
	GlobalSection(SolutionConfigurationPlatforms) = preSolution
		Debug|Any CPU = Debug|Any CPU
		Release|Any CPU = Release|Any CPU
	EndGlobalSection
	GlobalSection(ProjectConfigurationPlatforms) = postSolution
		{F35C78A7-E375-4DC0-866C-9796A159C8F2}.Debug|Any CPU.ActiveCfg = Debug|Any CPU
		{F35C78A7-E375-4DC0-866C-9796A159C8F2}.Debug|Any CPU.Build.0 = Debug|Any CPU
		{F35C78A7-E375-4DC0-866C-9796A159C8F2}.Release|Any CPU.ActiveCfg = Release|Any CPU
		{F35C78A7-E375-4DC0-866C-9796A159C8F2}.Release|Any CPU.Build.0 = Release|Any CPU
	EndGlobalSection
	GlobalSection(SolutionProperties) = preSolution
		HideSolutionNode = FALSE
	EndGlobalSection
	GlobalSection(ExtensibilityGlobals) = postSolution
		SolutionGuid = {ABCC189A-B4B8-47F4-AF97-946C2320D2A0}
	EndGlobalSection
EndGlobal
