
Microsoft Visual Studio Solution File, Format Version 12.00
# Visual Studio 15
VisualStudioVersion = 15.0.27130.2024
MinimumVisualStudioVersion = 10.0.40219.1
Project("{FAE04EC0-301F-11D3-BF4B-00C04F79EFBC}") = "SiloHost", "SiloHost\SiloHost.csproj", "{B393A891-7AFB-4F46-951D-FD4606CE5761}"
EndProject
Global
	GlobalSection(SolutionConfigurationPlatforms) = preSolution
		Debug|Any CPU = Debug|Any CPU
		Release|Any CPU = Release|Any CPU
	EndGlobalSection
	GlobalSection(ProjectConfigurationPlatforms) = postSolution
		{B393A891-7AFB-4F46-951D-FD4606CE5761}.Debug|Any CPU.ActiveCfg = Debug|Any CPU
		{B393A891-7AFB-4F46-951D-FD4606CE5761}.Debug|Any CPU.Build.0 = Debug|Any CPU
		{B393A891-7AFB-4F46-951D-FD4606CE5761}.Release|Any CPU.ActiveCfg = Release|Any CPU
		{B393A891-7AFB-4F46-951D-FD4606CE5761}.Release|Any CPU.Build.0 = Release|Any CPU
	EndGlobalSection
	GlobalSection(SolutionProperties) = preSolution
		HideSolutionNode = FALSE
	EndGlobalSection
	GlobalSection(ExtensibilityGlobals) = postSolution
		SolutionGuid = {4BCE01EA-1466-4B83-B0EC-180C6D1AA271}
	EndGlobalSection
EndGlobal
